
Microsoft Visual Studio Solution File, Format Version 12.00
# Visual Studio Version 16
VisualStudioVersion = 16.0.28721.148
MinimumVisualStudioVersion = 10.0.40219.1
Project("{9A19103F-16F7-4668-BE54-9A1E7A4F7556}") = "RazorComponentsBlog", "RazorComponentsBlog\RazorComponentsBlog.csproj", "{BA665604-EC6F-4042-8F4A-B2693D9C2479}"
EndProject
Global
	GlobalSection(SolutionConfigurationPlatforms) = preSolution
		Debug|Any CPU = Debug|Any CPU
		Release|Any CPU = Release|Any CPU
	EndGlobalSection
	GlobalSection(ProjectConfigurationPlatforms) = postSolution
		{BA665604-EC6F-4042-8F4A-B2693D9C2479}.Debug|Any CPU.ActiveCfg = Debug|Any CPU
		{BA665604-EC6F-4042-8F4A-B2693D9C2479}.Debug|Any CPU.Build.0 = Debug|Any CPU
		{BA665604-EC6F-4042-8F4A-B2693D9C2479}.Release|Any CPU.ActiveCfg = Release|Any CPU
		{BA665604-EC6F-4042-8F4A-B2693D9C2479}.Release|Any CPU.Build.0 = Release|Any CPU
	EndGlobalSection
	GlobalSection(SolutionProperties) = preSolution
		HideSolutionNode = FALSE
	EndGlobalSection
	GlobalSection(ExtensibilityGlobals) = postSolution
		SolutionGuid = {84FEEC80-CC7E-41DC-9979-F56552ADF260}
	EndGlobalSection
EndGlobal
